
Microsoft Visual Studio Solution File, Format Version 12.00
# Visual Studio Version 16
VisualStudioVersion = 16.0.31702.278
MinimumVisualStudioVersion = 10.0.40219.1
Project("{FAE04EC0-301F-11D3-BF4B-00C04F79EFBC}") = "WebApplication1", "WebApplication1\WebApplication1.csproj", "{574D42E3-FEBB-4A58-A78B-9582489277F3}"
EndProject
Global
	GlobalSection(SolutionConfigurationPlatforms) = preSolution
		Debug|Any CPU = Debug|Any CPU
		Release|Any CPU = Release|Any CPU
	EndGlobalSection
	GlobalSection(ProjectConfigurationPlatforms) = postSolution
		{574D42E3-FEBB-4A58-A78B-9582489277F3}.Debug|Any CPU.ActiveCfg = Debug|Any CPU
		{574D42E3-FEBB-4A58-A78B-9582489277F3}.Debug|Any CPU.Build.0 = Debug|Any CPU
		{574D42E3-FEBB-4A58-A78B-9582489277F3}.Release|Any CPU.ActiveCfg = Release|Any CPU
		{574D42E3-FEBB-4A58-A78B-9582489277F3}.Release|Any CPU.Build.0 = Release|Any CPU
	EndGlobalSection
	GlobalSection(SolutionProperties) = preSolution
		HideSolutionNode = FALSE
	EndGlobalSection
	GlobalSection(ExtensibilityGlobals) = postSolution
		SolutionGuid = {F70528B8-947E-48B8-B20E-F9EDD0922CB9}
	EndGlobalSection
EndGlobal
